
Microsoft Visual Studio Solution File, Format Version 12.00
# Visual Studio Version 16
VisualStudioVersion = 16.0.30804.86
MinimumVisualStudioVersion = 10.0.40219.1
Project("{FAE04EC0-301F-11D3-BF4B-00C04F79EFBC}") = "AutoMinesweeper", "AutoMinesweeper\AutoMinesweeper.csproj", "{0C98E9E3-CFF5-4663-8460-B435DDE74971}"
EndProject
Global
	GlobalSection(SolutionConfigurationPlatforms) = preSolution
		Debug|Any CPU = Debug|Any CPU
		Release|Any CPU = Release|Any CPU
	EndGlobalSection
	GlobalSection(ProjectConfigurationPlatforms) = postSolution
		{0C98E9E3-CFF5-4663-8460-B435DDE74971}.Debug|Any CPU.ActiveCfg = Debug|Any CPU
		{0C98E9E3-CFF5-4663-8460-B435DDE74971}.Debug|Any CPU.Build.0 = Debug|Any CPU
		{0C98E9E3-CFF5-4663-8460-B435DDE74971}.Release|Any CPU.ActiveCfg = Release|Any CPU
		{0C98E9E3-CFF5-4663-8460-B435DDE74971}.Release|Any CPU.Build.0 = Release|Any CPU
	EndGlobalSection
	GlobalSection(SolutionProperties) = preSolution
		HideSolutionNode = FALSE
	EndGlobalSection
	GlobalSection(ExtensibilityGlobals) = postSolution
		SolutionGuid = {86A3F0D4-0756-4C0E-8B43-ECB9658474C0}
	EndGlobalSection
EndGlobal
